# @generated by Move, please check-in and do not edit manually.

[move]
version = 3
manifest_digest = "E22511D9C3D49EEDA68D2BE3F54919EA2515D42162149EA7874E1615EC9BF1BE"
deps_digest = "F8BBB0CCB2491CA29A3DF03D6F92277A4F3574266507ACD77214D37ECA3F3082"
dependencies = [
  { id = "Sui", name = "Sui" },
]

[[move.package]]
id = "MoveStdlib"
source = { git = "https://github.com/MystenLabs/sui.git", rev = "framework/testnet", subdir = "crates/sui-framework/packages/move-stdlib" }

[[move.package]]
id = "Sui"
source = { git = "https://github.com/MystenLabs/sui.git", rev = "framework/testnet", subdir = "crates/sui-framework/packages/sui-framework" }

dependencies = [
  { id = "MoveStdlib", name = "MoveStdlib" },
]

[move.toolchain-version]
compiler-version = "1.59.0"
edition = "2024"
flavor = "sui"

[env]

[env.testnet]
chain-id = "4c78adac"
original-published-id = "0xa9812843a682a7601fdd29406fe955a98597430653407785b966526246729bc0"
latest-published-id = "0xa9812843a682a7601fdd29406fe955a98597430653407785b966526246729bc0"
published-version = "1"
